
Microsoft Visual Studio Solution File, Format Version 12.00
Project("{2150E333-8FDC-42A3-9474-1A3956D46DE8}") = "src", "src", "{C906AB30-3AFD-4669-99AD-A79F203F46FA}"
EndProject
Project("{2150E333-8FDC-42A3-9474-1A3956D46DE8}") = "tests", "tests", "{0E700FE4-3602-49C7-9B5C-155A0DFDA3F2}"
EndProject
Project("{FAE04EC0-301F-11D3-BF4B-00C04F79EFBC}") = "SSOServer.Domain", "src\SSOServer.Domain\SSOServer.Domain.csproj", "{FFBACB45-F8AC-492D-A55E-D4C1DFAF7BD3}"
EndProject
Project("{FAE04EC0-301F-11D3-BF4B-00C04F79EFBC}") = "SSOServer.Infrastructure", "src\SSOServer.Infrastructure\SSOServer.Infrastructure.csproj", "{AEC99220-170A-4C11-8E7A-D8499C1DEC79}"
EndProject
Project("{FAE04EC0-301F-11D3-BF4B-00C04F79EFBC}") = "SSOServer.Application", "src\SSOServer.Application\SSOServer.Application.csproj", "{85D18900-CF30-4378-9138-5B8E0DB46DFE}"
EndProject
Project("{FAE04EC0-301F-11D3-BF4B-00C04F79EFBC}") = "SSOServer.API", "src\SSOServer.API\SSOServer.API.csproj", "{AF3273E2-0956-42A2-B873-8E15C14CF9C7}"
EndProject
Project("{FAE04EC0-301F-11D3-BF4B-00C04F79EFBC}") = "SSOServer.UI", "src\SSOServer.UI\SSOServer.UI.csproj", "{4B9E35D8-578A-4069-8FCF-A1E6F147B197}"
EndProject
Project("{2150E333-8FDC-42A3-9474-1A3956D46DE8}") = "Solution Items", "Solution Items", "{1C67A3B1-1C67-4D3B-8674-753359BC5280}"
	ProjectSection(SolutionItems) = preProject
		docker-compose.yml = docker-compose.yml
	EndProjectSection
EndProject
Global
	GlobalSection(SolutionConfigurationPlatforms) = preSolution
		Debug|Any CPU = Debug|Any CPU
		Release|Any CPU = Release|Any CPU
	EndGlobalSection
	GlobalSection(NestedProjects) = preSolution
		{FFBACB45-F8AC-492D-A55E-D4C1DFAF7BD3} = {C906AB30-3AFD-4669-99AD-A79F203F46FA}
		{AEC99220-170A-4C11-8E7A-D8499C1DEC79} = {C906AB30-3AFD-4669-99AD-A79F203F46FA}
		{85D18900-CF30-4378-9138-5B8E0DB46DFE} = {C906AB30-3AFD-4669-99AD-A79F203F46FA}
		{AF3273E2-0956-42A2-B873-8E15C14CF9C7} = {C906AB30-3AFD-4669-99AD-A79F203F46FA}
		{4B9E35D8-578A-4069-8FCF-A1E6F147B197} = {C906AB30-3AFD-4669-99AD-A79F203F46FA}
	EndGlobalSection
	GlobalSection(ProjectConfigurationPlatforms) = postSolution
		{FFBACB45-F8AC-492D-A55E-D4C1DFAF7BD3}.Debug|Any CPU.ActiveCfg = Debug|Any CPU
		{FFBACB45-F8AC-492D-A55E-D4C1DFAF7BD3}.Debug|Any CPU.Build.0 = Debug|Any CPU
		{FFBACB45-F8AC-492D-A55E-D4C1DFAF7BD3}.Release|Any CPU.ActiveCfg = Release|Any CPU
		{FFBACB45-F8AC-492D-A55E-D4C1DFAF7BD3}.Release|Any CPU.Build.0 = Release|Any CPU
		{AEC99220-170A-4C11-8E7A-D8499C1DEC79}.Debug|Any CPU.ActiveCfg = Debug|Any CPU
		{AEC99220-170A-4C11-8E7A-D8499C1DEC79}.Debug|Any CPU.Build.0 = Debug|Any CPU
		{AEC99220-170A-4C11-8E7A-D8499C1DEC79}.Release|Any CPU.ActiveCfg = Release|Any CPU
		{AEC99220-170A-4C11-8E7A-D8499C1DEC79}.Release|Any CPU.Build.0 = Release|Any CPU
		{85D18900-CF30-4378-9138-5B8E0DB46DFE}.Debug|Any CPU.ActiveCfg = Debug|Any CPU
		{85D18900-CF30-4378-9138-5B8E0DB46DFE}.Debug|Any CPU.Build.0 = Debug|Any CPU
		{85D18900-CF30-4378-9138-5B8E0DB46DFE}.Release|Any CPU.ActiveCfg = Release|Any CPU
		{85D18900-CF30-4378-9138-5B8E0DB46DFE}.Release|Any CPU.Build.0 = Release|Any CPU
		{AF3273E2-0956-42A2-B873-8E15C14CF9C7}.Debug|Any CPU.ActiveCfg = Debug|Any CPU
		{AF3273E2-0956-42A2-B873-8E15C14CF9C7}.Debug|Any CPU.Build.0 = Debug|Any CPU
		{AF3273E2-0956-42A2-B873-8E15C14CF9C7}.Release|Any CPU.ActiveCfg = Release|Any CPU
		{AF3273E2-0956-42A2-B873-8E15C14CF9C7}.Release|Any CPU.Build.0 = Release|Any CPU
		{4B9E35D8-578A-4069-8FCF-A1E6F147B197}.Debug|Any CPU.ActiveCfg = Debug|Any CPU
		{4B9E35D8-578A-4069-8FCF-A1E6F147B197}.Debug|Any CPU.Build.0 = Debug|Any CPU
		{4B9E35D8-578A-4069-8FCF-A1E6F147B197}.Release|Any CPU.ActiveCfg = Release|Any CPU
		{4B9E35D8-578A-4069-8FCF-A1E6F147B197}.Release|Any CPU.Build.0 = Release|Any CPU
	EndGlobalSection
EndGlobal
